schema: '2.0'
stages:
  ingest:
    cmd: PYTHONPATH=src python -m dataset_quality.ingestion 
      data/raw/coco-dataset.json --output data/interim/coco.json
    deps:
    - path: data/raw/coco-dataset.json
      hash: md5
      md5: 0ac4ecdbbd5a9b3144624ec86009b9e7
      size: 345858
      isexec: true
    - path: src/dataset_quality/analyzers/m3.py
      hash: md5
      md5: 37ea57e403b0cabd0f1b9ff5223f1c9c
      size: 5217
      isexec: true
    - path: src/dataset_quality/ingestion/__main__.py
      hash: md5
      md5: bb8e7088a45c90cc54b8dcae6644c4bc
      size: 1426
      isexec: true
    - path: src/dataset_quality/ingestion/models.py
      hash: md5
      md5: 2d737413b6518058b14d588f0aab934e
      size: 3405
      isexec: true
    outs:
    - path: data/interim/coco.json
      hash: md5
      md5: 9f9372956e21b889f5af1a8a3bf81c54
      size: 345922
  validate:
    cmd: PYTHONPATH=src python -m dataset_quality.analyzers.m3 
      data/interim/coco.json --category person --category car > 
      data/interim/m3_baseline.json
    deps:
    - path: data/interim/coco.json
      hash: md5
      md5: 9f9372956e21b889f5af1a8a3bf81c54
      size: 345922
    - path: src/dataset_quality/analyzers/m3.py
      hash: md5
      md5: 37ea57e403b0cabd0f1b9ff5223f1c9c
      size: 5217
      isexec: true
    - path: src/dataset_quality/ingestion/models.py
      hash: md5
      md5: 2d737413b6518058b14d588f0aab934e
      size: 3405
      isexec: true
    params:
      params.yaml:
        m3.target_categories:
        - person
        - car
    outs:
    - path: data/interim/m3_baseline.json
      hash: md5
      md5: 62f4c29c51f77f10b7e6233107689535
      size: 513
  analyze:
    cmd: PYTHONPATH=src python -m dataset_quality.analyzers 
      data/interim/coco.json --m3-baseline data/interim/m3_baseline.json 
      --small-object-max-width 32 --small-object-max-height 32 
      --class-imbalance-min-images 300 --spatial-grid-size 3 --output 
      data/interim/observations.json --duplicate-pairs-output 
      data/interim/duplicate_pairs.json
    deps:
    - path: data/interim/coco.json
      hash: md5
      md5: 9f9372956e21b889f5af1a8a3bf81c54
      size: 345922
    - path: data/interim/m3_baseline.json
      hash: md5
      md5: 62f4c29c51f77f10b7e6233107689535
      size: 513
    - path: src/dataset_quality/analyzers/__main__.py
      hash: md5
      md5: eff6e0fc96bb06714888e19a40d7c227
      size: 6712
      isexec: true
    - path: src/dataset_quality/analyzers/dq04.py
      hash: md5
      md5: 1fcb1c64bfa3cd5225a3c4fb95cd0e63
      size: 7054
      isexec: true
    - path: src/dataset_quality/analyzers/dq05.py
      hash: md5
      md5: 845cee369e367f37d2dffdd6a5f62abf
      size: 6318
      isexec: true
    - path: src/dataset_quality/analyzers/dq06.py
      hash: md5
      md5: c42874856e43d7142d599cebcb659cc4
      size: 3836
      isexec: true
    - path: src/dataset_quality/analyzers/m3.py
      hash: md5
      md5: 37ea57e403b0cabd0f1b9ff5223f1c9c
      size: 5217
      isexec: true
    - path: src/dataset_quality/config/clients.py
      hash: md5
      md5: 84564ffd1d477350ede259f9a6ae3d0a
      size: 863
      isexec: true
    - path: src/dataset_quality/config/settings.py
      hash: md5
      md5: f2cf53c1ba747119441327da7e6e738d
      size: 2510
      isexec: true
    - path: src/dataset_quality/ingestion/models.py
      hash: md5
      md5: 2d737413b6518058b14d588f0aab934e
      size: 3405
      isexec: true
    - path: src/dataset_quality/storage/object_store.py
      hash: md5
      md5: 50865de76133df3f4074b7dfb0d01d52
      size: 1026
      isexec: true
    params:
      params.yaml:
        analyze.class_imbalance_min_images: 300
        analyze.small_object_max_height: 32
        analyze.small_object_max_width: 32
        analyze.spatial_grid_size: 3
    outs:
    - path: data/interim/duplicate_pairs.json
      hash: md5
      md5: 4c61c7b84882e0b37b0fa8cf247220b8
      size: 24
    - path: data/interim/observations.json
      hash: md5
      md5: c07d7ac25d7eae3cb8a1f505e2f9c07c
      size: 190
  quality_gate:
    cmd: PYTHONPATH=src python -m dataset_quality.quality_gate.runner --policy 
      quality.yaml --observations data/interim/observations.json 
      --dataset-version v1.0.0 --report data/interim/quality.json
    deps:
    - path: data/interim/observations.json
      hash: md5
      md5: c07d7ac25d7eae3cb8a1f505e2f9c07c
      size: 190
    - path: quality.yaml
      hash: md5
      md5: c28719ab9cb919c1995485f657e7645c
      size: 735
      isexec: true
    - path: src/dataset_quality/ingestion/models.py
      hash: md5
      md5: 2d737413b6518058b14d588f0aab934e
      size: 3405
      isexec: true
    - path: src/dataset_quality/quality_gate/models.py
      hash: md5
      md5: e5ae22c59df639f5b0c8d0b5a6dc6178
      size: 3304
      isexec: true
    - path: src/dataset_quality/quality_gate/policy.py
      hash: md5
      md5: 7b30c8196fff64500f9a241f41823099
      size: 2974
      isexec: true
    - path: src/dataset_quality/quality_gate/runner.py
      hash: md5
      md5: 4c421a32c39e16c925f3505a2cd38871
      size: 3610
      isexec: true
    params:
      params.yaml:
        dataset_version: v1.0.0
    outs:
    - path: data/interim/quality.json
      hash: md5
      md5: e93439b0b864115d9343f33ab9dcadf3
      size: 1787
  split:
    cmd: PYTHONPATH=src python -m dataset_quality.splits data/interim/coco.json 
      --quality-report data/interim/quality.json --duplicate-pairs 
      data/interim/duplicate_pairs.json --dataset-version v1.0.0 --train 0.7 
      --val 0.15 --test 0.15 --seed 42 --report-output data/interim/splits.json 
      --assignment-output data/interim/split_assignment.json
    deps:
    - path: data/interim/coco.json
      hash: md5
      md5: 9f9372956e21b889f5af1a8a3bf81c54
      size: 345922
    - path: data/interim/duplicate_pairs.json
      hash: md5
      md5: 4c61c7b84882e0b37b0fa8cf247220b8
      size: 24
    - path: data/interim/quality.json
      hash: md5
      md5: c0fa142c8c7f3e12f96ae9ee6c8aa2a8
      size: 1787
    - path: src/dataset_quality/analyzers/m3.py
      hash: md5
      md5: 9de6ef558424c0424e5e5cc48b1a42bb
      size: 5363
      isexec: true
    - path: src/dataset_quality/config/models.py
      hash: md5
      md5: 20db59f3f9109759ed746cc1b9b1cc61
      size: 1175
      isexec: true
    - path: src/dataset_quality/ingestion/models.py
      hash: md5
      md5: 60241594e79f7d530b26a0bd02e05bda
      size: 3513
      isexec: true
    - path: src/dataset_quality/quality_gate/models.py
      hash: md5
      md5: afc8dccd0f32b11007447da44323a37e
      size: 3401
      isexec: true
    - path: src/dataset_quality/splits/__main__.py
      hash: md5
      md5: 6ee64d6eeac2003b66cccf585a1f6412
      size: 2825
      isexec: true
    - path: src/dataset_quality/splits/generator.py
      hash: md5
      md5: 41c5087e570cfa86bcad90c15cb891bb
      size: 18312
      isexec: true
    - path: src/dataset_quality/splits/models.py
      hash: md5
      md5: 607de0235533e9341594c0f950cb2783
      size: 2357
      isexec: true
    params:
      params.yaml:
        dataset_version: v1.0.0
        split.seed: 42
        split.test: 0.15
        split.train: 0.7
        split.val: 0.15
    outs:
    - path: data/interim/split_assignment.json
      hash: md5
      md5: 125f48a73e6d3159f70b12a6414108b7
      size: 2745
    - path: data/interim/splits.json
      hash: md5
      md5: 6506f23bff4e67940271e0ef97f5e1e6
      size: 776
  release:
    cmd: PYTHONPATH=src python -m dataset_quality.versioning --coco 
      data/interim/coco.json --quality-report data/interim/quality.json 
      --m3-baseline data/interim/m3_baseline.json --observations 
      data/interim/observations.json --policy quality.yaml --dataset-version 
      v1.0.0 --history data/version_history.json --output 
      data/interim/versions.json
    deps:
    - path: data/interim/coco.json
      hash: md5
      md5: 9f9372956e21b889f5af1a8a3bf81c54
      size: 345922
    - path: data/interim/m3_baseline.json
      hash: md5
      md5: 62f4c29c51f77f10b7e6233107689535
      size: 513
    - path: data/interim/observations.json
      hash: md5
      md5: c07d7ac25d7eae3cb8a1f505e2f9c07c
      size: 190
    - path: data/interim/quality.json
      hash: md5
      md5: c0fa142c8c7f3e12f96ae9ee6c8aa2a8
      size: 1787
    - path: data/interim/splits.json
      hash: md5
      md5: 6506f23bff4e67940271e0ef97f5e1e6
      size: 776
    - path: quality.yaml
      hash: md5
      md5: c8a0f164c8221d31e555e83c73ccecd2
      size: 771
      isexec: true
    - path: src/dataset_quality/analyzers/m3.py
      hash: md5
      md5: 9de6ef558424c0424e5e5cc48b1a42bb
      size: 5363
      isexec: true
    - path: src/dataset_quality/copilot/contracts.py
      hash: md5
      md5: 04f3ffd3b8f5ff7fbd98f87bdc4471d0
      size: 3384
      isexec: true
    - path: src/dataset_quality/ingestion/models.py
      hash: md5
      md5: 60241594e79f7d530b26a0bd02e05bda
      size: 3513
      isexec: true
    - path: src/dataset_quality/quality_gate/models.py
      hash: md5
      md5: afc8dccd0f32b11007447da44323a37e
      size: 3401
      isexec: true
    - path: src/dataset_quality/quality_gate/policy.py
      hash: md5
      md5: 1094c3c1966176f133fa42c3be532e76
      size: 3064
      isexec: true
    - path: src/dataset_quality/versioning/__main__.py
      hash: md5
      md5: 62148bc414a33236247adb35caf8fc6f
      size: 7608
      isexec: true
    - path: src/dataset_quality/versioning/models.py
      hash: md5
      md5: 39cdc255d1f42dcc1886a94348780c36
      size: 1703
      isexec: true
    params:
      params.yaml:
        dataset_version: v1.0.0
    outs:
    - path: data/interim/versions.json
      hash: md5
      md5: 6489a0f0628f5acfcc9a6f5a135b13ea
      size: 593
  crop:
    cmd: PYTHONPATH=src python -m dataset_quality.crops data/interim/coco.json
      --quality-report data/interim/quality.json --dataset-version v1.0.0
      --category person --category car --crops-root data/processed/crops
      --manifest-output data/processed/crops_manifest.json --exclusions-output
      data/processed/crop_exclusions.json
    deps:
    - path: data/interim/coco.json
      hash: md5
      md5: 9f9372956e21b889f5af1a8a3bf81c54
      size: 345922
    - path: data/interim/quality.json
      hash: md5
      md5: e93439b0b864115d9343f33ab9dcadf3
      size: 1787
    - path: src/dataset_quality/config/clients.py
      hash: md5
      md5: 84564ffd1d477350ede259f9a6ae3d0a
      size: 863
      isexec: true
    - path: src/dataset_quality/config/settings.py
      hash: md5
      md5: f2cf53c1ba747119441327da7e6e738d
      size: 2510
      isexec: true
    - path: src/dataset_quality/crops/__init__.py
      hash: md5
      md5: 7b4a78901a36cab76eec4c9b65426499
      size: 1653
      isexec: true
    - path: src/dataset_quality/crops/__main__.py
      hash: md5
      md5: d0a044ec1c7530a543364774a75484eb
      size: 2855
      isexec: true
    - path: src/dataset_quality/crops/errors.py
      hash: md5
      md5: 45a98402cbd6f184477baf52c094158b
      size: 1305
      isexec: true
    - path: src/dataset_quality/crops/generator.py
      hash: md5
      md5: a5a2edc525019a195903825231e121bd
      size: 16271
      isexec: true
    - path: src/dataset_quality/crops/geometry.py
      hash: md5
      md5: 054fa92ce55838da0299933602f43f98
      size: 3939
      isexec: true
    - path: src/dataset_quality/crops/models.py
      hash: md5
      md5: 202dbffd7cc41c25fd2186f5b90930bd
      size: 4961
      isexec: true
    - path: src/dataset_quality/crops/planning.py
      hash: md5
      md5: 079a52b371091c01aaf6fa05f9193e93
      size: 12729
      isexec: true
    - path: src/dataset_quality/crops/sources.py
      hash: md5
      md5: 35a386847151088295f52e6bf8adc040
      size: 3548
      isexec: true
    - path: src/dataset_quality/storage/object_store.py
      hash: md5
      md5: 50865de76133df3f4074b7dfb0d01d52
      size: 1026
      isexec: true
    params:
      params.yaml:
        dataset_version: v1.0.0
        m3.target_categories:
        - person
        - car
    outs:
    - path: data/processed/crop_exclusions.json
      hash: md5
      md5: 0193de21cb7f0d5f6799a21410a950f2
      size: 616
    - path: data/processed/crops
      hash: md5
      md5: 72901e845a19482b868bf030dcf2c53b.dir
      size: 233970861
      nfiles: 1038
    - path: data/processed/crops_manifest.json
      hash: md5
      md5: bba57fce80109aca3cf43f63961c4ea5
      size: 794015
  classifier_split:
    cmd: PYTHONPATH=src python -m dataset_quality.classifier_splits
      data/interim/coco.json --crops-manifest data/processed/crops_manifest.json
      --duplicate-pairs data/interim/duplicate_pairs.json --dataset-version
      v1.0.0 --train 0.7 --val 0.2 --test 0.1 --seed 42 --output
      data/processed/classifier_split_manifest.json
    deps:
    - path: data/interim/coco.json
      hash: md5
      md5: 9f9372956e21b889f5af1a8a3bf81c54
      size: 345922
    - path: data/interim/duplicate_pairs.json
      hash: md5
      md5: 4c61c7b84882e0b37b0fa8cf247220b8
      size: 24
    - path: data/processed/crops_manifest.json
      hash: md5
      md5: bba57fce80109aca3cf43f63961c4ea5
      size: 794015
    - path: src/dataset_quality/analyzers/m3.py
      hash: md5
      md5: 37ea57e403b0cabd0f1b9ff5223f1c9c
      size: 5217
      isexec: true
    - path: src/dataset_quality/classifier_splits/__init__.py
      hash: md5
      md5: 66a6a76b2a79b0da9e78911dd1b1438f
      size: 1337
      isexec: true
    - path: src/dataset_quality/classifier_splits/__main__.py
      hash: md5
      md5: 4b4ed19c11c48179cdaca50ab4727e68
      size: 2282
      isexec: true
    - path: src/dataset_quality/classifier_splits/errors.py
      hash: md5
      md5: c8774bdb58af348248e050f898ee881c
      size: 918
      isexec: true
    - path: src/dataset_quality/classifier_splits/generator.py
      hash: md5
      md5: 8f98b7d8e2c1eb49ed82707385d37fa8
      size: 11812
      isexec: true
    - path: src/dataset_quality/classifier_splits/models.py
      hash: md5
      md5: 4939cc4b8fc8313c8eee35127a79617d
      size: 3481
      isexec: true
    - path: src/dataset_quality/config/models.py
      hash: md5
      md5: cb67637170529b332936b4c1ec10322e
      size: 1133
      isexec: true
    - path: src/dataset_quality/crops/models.py
      hash: md5
      md5: 202dbffd7cc41c25fd2186f5b90930bd
      size: 4961
      isexec: true
    - path: src/dataset_quality/ingestion/models.py
      hash: md5
      md5: 2d737413b6518058b14d588f0aab934e
      size: 3405
      isexec: true
    - path: src/dataset_quality/quality_gate/models.py
      hash: md5
      md5: e5ae22c59df639f5b0c8d0b5a6dc6178
      size: 3304
      isexec: true
    - path: src/dataset_quality/splits/generator.py
      hash: md5
      md5: 1f3cc192858e257d50d8669b8addaaeb
      size: 17863
      isexec: true
    - path: src/dataset_quality/splits/models.py
      hash: md5
      md5: b34996ceb589cd02700976610224ce03
      size: 2274
      isexec: true
    params:
      params.yaml:
        classifier_split.seed: 42
        classifier_split.test: 0.1
        classifier_split.train: 0.7
        classifier_split.val: 0.2
        dataset_version: v1.0.0
    outs:
    - path: data/processed/classifier_split_manifest.json
      hash: md5
      md5: 8361fa6cb391cccd476de4b5a72b301e
      size: 198050
